
Microsoft Visual Studio Solution File, Format Version 12.00
# Visual Studio Version 17
VisualStudioVersion = 17.1.32407.343
MinimumVisualStudioVersion = 10.0.40219.1
Project("{FAE04EC0-301F-11D3-BF4B-00C04F79EFBC}") = "CustomStringBuilder", "CustomStringBuilder\CustomStringBuilder.csproj", "{C3223E35-F393-4B82-8E19-9492E186E758}"
EndProject
Project("{FAE04EC0-301F-11D3-BF4B-00C04F79EFBC}") = "Adapter_Decorator", "Adapter_Decorator\Adapter_Decorator.csproj", "{87B04911-381D-4CEF-B65E-9218438B9C45}"
EndProject
Project("{FAE04EC0-301F-11D3-BF4B-00C04F79EFBC}") = "Multiple_InheritanceWithInterfaces", "Multiple_InheritanceWithInterfaces\Multiple_InheritanceWithInterfaces.csproj", "{CE44A10C-49FC-40C3-8CC6-DB44693B8C2C}"
EndProject
Project("{FAE04EC0-301F-11D3-BF4B-00C04F79EFBC}") = "DynamicDecoratorComposition", "DynamicDecoratorComposition\DynamicDecoratorComposition.csproj", "{327B4ADD-CC4F-4388-B656-23ACB72D2C9F}"
EndProject
Project("{FAE04EC0-301F-11D3-BF4B-00C04F79EFBC}") = "DetectingDecoratorCycles", "DetectingDecoratorCycles\DetectingDecoratorCycles.csproj", "{960EB769-B15B-4F28-92FA-2E2CB7932252}"
EndProject
Project("{FAE04EC0-301F-11D3-BF4B-00C04F79EFBC}") = "DecoratorInDependencyInjection", "DecoratorInDependencyInjection\DecoratorInDependencyInjection.csproj", "{19AA2AA9-A34B-4330-ADF7-EF99E90858E9}"
EndProject
Global
	GlobalSection(SolutionConfigurationPlatforms) = preSolution
		Debug|Any CPU = Debug|Any CPU
		Release|Any CPU = Release|Any CPU
	EndGlobalSection
	GlobalSection(ProjectConfigurationPlatforms) = postSolution
		{C3223E35-F393-4B82-8E19-9492E186E758}.Debug|Any CPU.ActiveCfg = Debug|Any CPU
		{C3223E35-F393-4B82-8E19-9492E186E758}.Debug|Any CPU.Build.0 = Debug|Any CPU
		{C3223E35-F393-4B82-8E19-9492E186E758}.Release|Any CPU.ActiveCfg = Release|Any CPU
		{C3223E35-F393-4B82-8E19-9492E186E758}.Release|Any CPU.Build.0 = Release|Any CPU
		{87B04911-381D-4CEF-B65E-9218438B9C45}.Debug|Any CPU.ActiveCfg = Debug|Any CPU
		{87B04911-381D-4CEF-B65E-9218438B9C45}.Debug|Any CPU.Build.0 = Debug|Any CPU
		{87B04911-381D-4CEF-B65E-9218438B9C45}.Release|Any CPU.ActiveCfg = Release|Any CPU
		{87B04911-381D-4CEF-B65E-9218438B9C45}.Release|Any CPU.Build.0 = Release|Any CPU
		{CE44A10C-49FC-40C3-8CC6-DB44693B8C2C}.Debug|Any CPU.ActiveCfg = Debug|Any CPU
		{CE44A10C-49FC-40C3-8CC6-DB44693B8C2C}.Debug|Any CPU.Build.0 = Debug|Any CPU
		{CE44A10C-49FC-40C3-8CC6-DB44693B8C2C}.Release|Any CPU.ActiveCfg = Release|Any CPU
		{CE44A10C-49FC-40C3-8CC6-DB44693B8C2C}.Release|Any CPU.Build.0 = Release|Any CPU
		{327B4ADD-CC4F-4388-B656-23ACB72D2C9F}.Debug|Any CPU.ActiveCfg = Debug|Any CPU
		{327B4ADD-CC4F-4388-B656-23ACB72D2C9F}.Debug|Any CPU.Build.0 = Debug|Any CPU
		{327B4ADD-CC4F-4388-B656-23ACB72D2C9F}.Release|Any CPU.ActiveCfg = Release|Any CPU
		{327B4ADD-CC4F-4388-B656-23ACB72D2C9F}.Release|Any CPU.Build.0 = Release|Any CPU
		{960EB769-B15B-4F28-92FA-2E2CB7932252}.Debug|Any CPU.ActiveCfg = Debug|Any CPU
		{960EB769-B15B-4F28-92FA-2E2CB7932252}.Debug|Any CPU.Build.0 = Debug|Any CPU
		{960EB769-B15B-4F28-92FA-2E2CB7932252}.Release|Any CPU.ActiveCfg = Release|Any CPU
		{960EB769-B15B-4F28-92FA-2E2CB7932252}.Release|Any CPU.Build.0 = Release|Any CPU
		{19AA2AA9-A34B-4330-ADF7-EF99E90858E9}.Debug|Any CPU.ActiveCfg = Debug|Any CPU
		{19AA2AA9-A34B-4330-ADF7-EF99E90858E9}.Debug|Any CPU.Build.0 = Debug|Any CPU
		{19AA2AA9-A34B-4330-ADF7-EF99E90858E9}.Release|Any CPU.ActiveCfg = Release|Any CPU
		{19AA2AA9-A34B-4330-ADF7-EF99E90858E9}.Release|Any CPU.Build.0 = Release|Any CPU
	EndGlobalSection
	GlobalSection(SolutionProperties) = preSolution
		HideSolutionNode = FALSE
	EndGlobalSection
	GlobalSection(ExtensibilityGlobals) = postSolution
		SolutionGuid = {0A6B2814-58F6-4E2A-8595-822E538D28D4}
	EndGlobalSection
EndGlobal
